
Microsoft Visual Studio Solution File, Format Version 12.00
# Visual Studio Version 16
VisualStudioVersion = 16.0.29613.14
MinimumVisualStudioVersion = 10.0.40219.1
Project("{FAE04EC0-301F-11D3-BF4B-00C04F79EFBC}") = "MaddyMarianne.Commander", "MaddyMarianne.Commander\MaddyMarianne.Commander.csproj", "{2F633722-2908-4E4B-A285-A9C775F3117A}"
EndProject
Project("{FAE04EC0-301F-11D3-BF4B-00C04F79EFBC}") = "MaddyMarianne.Commander.Test", "MaddyMarianne.Commander.Test\MaddyMarianne.Commander.Test.csproj", "{794D95B8-64A8-4C04-BEA3-BE456C811431}"
EndProject
Global
	GlobalSection(SolutionConfigurationPlatforms) = preSolution
		Debug|Any CPU = Debug|Any CPU
		Release|Any CPU = Release|Any CPU
	EndGlobalSection
	GlobalSection(ProjectConfigurationPlatforms) = postSolution
		{2F633722-2908-4E4B-A285-A9C775F3117A}.Debug|Any CPU.ActiveCfg = Debug|Any CPU
		{2F633722-2908-4E4B-A285-A9C775F3117A}.Debug|Any CPU.Build.0 = Debug|Any CPU
		{2F633722-2908-4E4B-A285-A9C775F3117A}.Release|Any CPU.ActiveCfg = Release|Any CPU
		{2F633722-2908-4E4B-A285-A9C775F3117A}.Release|Any CPU.Build.0 = Release|Any CPU
		{794D95B8-64A8-4C04-BEA3-BE456C811431}.Debug|Any CPU.ActiveCfg = Debug|Any CPU
		{794D95B8-64A8-4C04-BEA3-BE456C811431}.Debug|Any CPU.Build.0 = Debug|Any CPU
		{794D95B8-64A8-4C04-BEA3-BE456C811431}.Release|Any CPU.ActiveCfg = Release|Any CPU
		{794D95B8-64A8-4C04-BEA3-BE456C811431}.Release|Any CPU.Build.0 = Release|Any CPU
	EndGlobalSection
	GlobalSection(SolutionProperties) = preSolution
		HideSolutionNode = FALSE
	EndGlobalSection
	GlobalSection(ExtensibilityGlobals) = postSolution
		SolutionGuid = {BDCF7726-084A-4017-8FC1-F490C5D2922C}
	EndGlobalSection
EndGlobal
